
Microsoft Visual Studio Solution File, Format Version 12.00
# Visual Studio 15
VisualStudioVersion = 15.0.27428.2043
MinimumVisualStudioVersion = 10.0.40219.1
Project("{FAE04EC0-301F-11D3-BF4B-00C04F79EFBC}") = "Observer", "Observer\Observer.csproj", "{4B017F9D-FD16-49B9-B634-BDD40805F0CC}"
EndProject
Global
	GlobalSection(SolutionConfigurationPlatforms) = preSolution
		Debug|Any CPU = Debug|Any CPU
		Release|Any CPU = Release|Any CPU
	EndGlobalSection
	GlobalSection(ProjectConfigurationPlatforms) = postSolution
		{4B017F9D-FD16-49B9-B634-BDD40805F0CC}.Debug|Any CPU.ActiveCfg = Debug|Any CPU
		{4B017F9D-FD16-49B9-B634-BDD40805F0CC}.Debug|Any CPU.Build.0 = Debug|Any CPU
		{4B017F9D-FD16-49B9-B634-BDD40805F0CC}.Release|Any CPU.ActiveCfg = Release|Any CPU
		{4B017F9D-FD16-49B9-B634-BDD40805F0CC}.Release|Any CPU.Build.0 = Release|Any CPU
	EndGlobalSection
	GlobalSection(SolutionProperties) = preSolution
		HideSolutionNode = FALSE
	EndGlobalSection
	GlobalSection(ExtensibilityGlobals) = postSolution
		SolutionGuid = {A477B790-B1C0-4ED9-BB42-E35DD7FC22B6}
	EndGlobalSection
EndGlobal
